{
    "_readme": [
        "This file locks the dependencies of your project to a known state",
        "Read more about it at http://getcomposer.org/doc/01-basic-usage.md#composer-lock-the-lock-file",
        "This file is @generated automatically"
    ],
    "hash": "8d0d1b76ab53366ad370ca6314f77680",
    "packages": [
        {
            "name": "coduo/php-matcher",
            "version": "1.1.6",
            "source": {
                "type": "git",
                "url": "https://github.com/coduo/php-matcher.git",
                "reference": "3fcfd66ab8cff8b68e92baa7f7d94f69e9003f96"
            },
            "dist": {
                "type": "zip",
                "url": "https://api.github.com/repos/coduo/php-matcher/zipball/3fcfd66ab8cff8b68e92baa7f7d94f69e9003f96",
                "reference": "3fcfd66ab8cff8b68e92baa7f7d94f69e9003f96",
                "shasum": ""
            },
            "require": {
                "coduo/php-to-string": "~1.0",
                "doctrine/lexer": "1.0.*",
                "openlss/lib-array2xml": "0.0.9",
                "php": ">=5.3.0",
                "symfony/expression-language": "~2.4",
                "symfony/property-access": "~2.3"
            },
            "require-dev": {
                "phpunit/phpunit": "3.7.*"
            },
            "type": "library",
            "extra": {
                "branch-alias": {
                    "dev-master": "1.2-dev"
                }
            },
            "autoload": {
                "psr-0": {
                    "Coduo\\PHPMatcher": "src/",
                    "Coduo\\PHPMatcher\\Tests": "tests/"
                },
                "files": [
                    "match.php"
                ]
            },
            "notification-url": "https://packagist.org/downloads/",
            "license": [
                "MIT"
            ],
            "authors": [
                {
                    "name": "Norbert Orzechowicz",
                    "email": "norbert@orzechowicz.pl"
                },
                {
                    "name": "Michał Dąbrowski",
                    "email": "dabrowski@brillante.pl"
                }
            ],
            "keywords": [
                "json",
                "matcher",
                "tests"
            ],
            "time": "2015-02-05 18:05:27"
        },
        {
            "name": "coduo/php-to-string",
            "version": "dev-master",
            "source": {
                "type": "git",
                "url": "https://github.com/coduo/php-to-string.git",
                "reference": "a92b47db643541baa7ea9c61ea427a6896676685"
            },
            "dist": {
                "type": "zip",
                "url": "https://api.github.com/repos/coduo/php-to-string/zipball/a92b47db643541baa7ea9c61ea427a6896676685",
                "reference": "a92b47db643541baa7ea9c61ea427a6896676685",
                "shasum": ""
            },
            "require": {
                "php": ">=5.3.0",
                "symfony/intl": "~2.5"
            },
            "require-dev": {
                "coduo/phpspec-data-provider-extension": "dev-master",
                "phpspec/phpspec": "2.0.*"
            },
            "type": "library",
            "extra": {
                "branch-alias": {
                    "dev-master": "1.1-dev"
                }
            },
            "autoload": {
                "psr-0": {
                    "": "src"
                }
            },
            "notification-url": "https://packagist.org/downloads/",
            "license": [
                "MIT"
            ],
            "authors": [
                {
                    "name": "Norbert Orzechowicz",
                    "email": "norbert@orzechowicz.pl"
                },
                {
                    "name": "Michał Dąbrowski",
                    "email": "dabrowski@brillante.pl"
                }
            ],
            "keywords": [
                "php",
                "string",
                "to",
                "to string"
            ],
            "time": "2014-10-18 10:00:46"
        },
        {
            "name": "coduo/tutu",
            "version": "dev-master",
            "source": {
                "type": "git",
                "url": "https://github.com/coduo/TuTu.git",
                "reference": "7022c637a69e3324dc1fe0e88ea073ac6a681c12"
            },
            "dist": {
                "type": "zip",
                "url": "https://api.github.com/repos/coduo/TuTu/zipball/7022c637a69e3324dc1fe0e88ea073ac6a681c12",
                "reference": "7022c637a69e3324dc1fe0e88ea073ac6a681c12",
                "shasum": ""
            },
            "require": {
                "coduo/php-matcher": "1.1.*",
                "coduo/tutu-faker-extension": "1.0.*@dev",
                "coduo/tutu-twig-extension": "1.0.*@dev",
                "php": ">=5.4.0",
                "symfony/class-loader": "~2.3",
                "symfony/event-dispatcher": "~2.3",
                "symfony/http-kernel": "~2.3",
                "symfony/options-resolver": "~2.3",
                "symfony/yaml": "~2.3",
                "twig/twig": "1.*"
            },
            "replace": {
                "coduo/tutu-core": "self.version"
            },
            "require-dev": {
                "behat/behat": "3.0.*",
                "behat/mink-extension": "~2.0@dev",
                "behat/mink-goutte-driver": "~1.0@dev",
                "bossa/phpspec2-expect": "dev-master",
                "phpspec/phpspec": "2.0.*",
                "symfony/filesystem": "~2.3",
                "symfony/process": "~2.3"
            },
            "type": "project",
            "extra": {
                "branch-alias": {
                    "dev-master": "1.0.x-dev"
                }
            },
            "autoload": {
                "psr-0": {
                    "": "src/"
                }
            },
            "notification-url": "https://packagist.org/downloads/",
            "license": [
                "MIT"
            ],
            "description": "TuTu - simple HTTP server mocking tool in PHP.",
            "time": "2015-02-11 11:54:33"
        },
        {
            "name": "coduo/tutu-faker-extension",
            "version": "dev-master",
            "source": {
                "type": "git",
                "url": "https://github.com/coduo/tutu-faker-extension.git",
                "reference": "3cd2bfca175f8ca736a1a45954ed7073f9072abd"
            },
            "dist": {
                "type": "zip",
                "url": "https://api.github.com/repos/coduo/tutu-faker-extension/zipball/3cd2bfca175f8ca736a1a45954ed7073f9072abd",
                "reference": "3cd2bfca175f8ca736a1a45954ed7073f9072abd",
                "shasum": ""
            },
            "require": {
                "fzaninotto/faker": "~1.0",
                "php": ">=5.4.0",
                "twig/twig": "1.*"
            },
            "require-dev": {
                "behat/behat": "3.0.*",
                "behat/mink-extension": "~2.0@dev",
                "behat/mink-goutte-driver": "~1.0@dev",
                "bossa/phpspec2-expect": "dev-master",
                "coduo/tutu": "1.0.*@dev"
            },
            "type": "project",
            "extra": {
                "branch-alias": {
                    "dev-master": "1.0.x-dev"
                }
            },
            "autoload": {
                "psr-0": {
                    "": "src/"
                }
            },
            "notification-url": "https://packagist.org/downloads/",
            "license": [
                "MIT"
            ],
            "description": "This extensions integrates fzaninotto/faker with TuTu.",
            "time": "2014-07-26 14:22:11"
        },
        {
            "name": "coduo/tutu-twig-extension",
            "version": "dev-master",
            "source": {
                "type": "git",
                "url": "https://github.com/coduo/tutu-twig-extension.git",
                "reference": "129543db25a50cd7bbdf67707dc9da0d64f2a6be"
            },
            "dist": {
                "type": "zip",
                "url": "https://api.github.com/repos/coduo/tutu-twig-extension/zipball/129543db25a50cd7bbdf67707dc9da0d64f2a6be",
                "reference": "129543db25a50cd7bbdf67707dc9da0d64f2a6be",
                "shasum": ""
            },
            "require": {
                "php": ">=5.4.0",
                "twig/twig": "1.*"
            },
            "require-dev": {
                "behat/behat": "3.0.*",
                "behat/mink-extension": "~2.0@dev",
                "behat/mink-goutte-driver": "~1.0@dev",
                "bossa/phpspec2-expect": "dev-master",
                "coduo/tutu": "1.0.*@dev",
                "coduo/tutu-faker-extension": "1.0.*@dev"
            },
            "type": "project",
            "extra": {
                "branch-alias": {
                    "dev-master": "1.0.x-dev"
                }
            },
            "autoload": {
                "psr-0": {
                    "": "src/"
                }
            },
            "notification-url": "https://packagist.org/downloads/",
            "license": [
                "MIT"
            ],
            "description": "Adds new features to TuTu twig templates engine.",
            "time": "2014-07-26 13:35:49"
        },
        {
            "name": "doctrine/lexer",
            "version": "dev-master",
            "source": {
                "type": "git",
                "url": "https://github.com/doctrine/lexer.git",
                "reference": "83893c552fd2045dd78aef794c31e694c37c0b8c"
            },
            "dist": {
                "type": "zip",
                "url": "https://api.github.com/repos/doctrine/lexer/zipball/83893c552fd2045dd78aef794c31e694c37c0b8c",
                "reference": "83893c552fd2045dd78aef794c31e694c37c0b8c",
                "shasum": ""
            },
            "require": {
                "php": ">=5.3.2"
            },
            "type": "library",
            "extra": {
                "branch-alias": {
                    "dev-master": "1.0.x-dev"
                }
            },
            "autoload": {
                "psr-0": {
                    "Doctrine\\Common\\Lexer\\": "lib/"
                }
            },
            "notification-url": "https://packagist.org/downloads/",
            "license": [
                "MIT"
            ],
            "authors": [
                {
                    "name": "Roman Borschel",
                    "email": "roman@code-factory.org"
                },
                {
                    "name": "Guilherme Blanco",
                    "email": "guilhermeblanco@gmail.com"
                },
                {
                    "name": "Johannes Schmitt",
                    "email": "schmittjoh@gmail.com"
                }
            ],
            "description": "Base library for a lexer that can be used in Top-Down, Recursive Descent Parsers.",
            "homepage": "http://www.doctrine-project.org",
            "keywords": [
                "lexer",
                "parser"
            ],
            "time": "2014-09-09 13:34:57"
        },
        {
            "name": "fzaninotto/faker",
            "version": "dev-master",
            "source": {
                "type": "git",
                "url": "https://github.com/fzaninotto/Faker.git",
                "reference": "1dc7404280b32ee661ea65606efcf792be6fc4ca"
            },
            "dist": {
                "type": "zip",
                "url": "https://api.github.com/repos/fzaninotto/Faker/zipball/1dc7404280b32ee661ea65606efcf792be6fc4ca",
                "reference": "1dc7404280b32ee661ea65606efcf792be6fc4ca",
                "shasum": ""
            },
            "require": {
                "php": ">=5.3.3"
            },
            "require-dev": {
                "phpunit/phpunit": "~4.0",
                "squizlabs/php_codesniffer": "~1.5"
            },
            "suggest": {
                "ext-intl": "*"
            },
            "type": "library",
            "extra": {
                "branch-alias": {
                    "dev-master": "1.5.x-dev"
                }
            },
            "autoload": {
                "psr-4": {
                    "Faker\\": "src/Faker/"
                }
            },
            "notification-url": "https://packagist.org/downloads/",
            "license": [
                "MIT"
            ],
            "authors": [
                {
                    "name": "François Zaninotto"
                }
            ],
            "description": "Faker is a PHP library that generates fake data for you.",
            "keywords": [
                "data",
                "faker",
                "fixtures"
            ],
            "time": "2015-04-27 20:30:06"
        },
        {
            "name": "openlss/lib-array2xml",
            "version": "0.0.9",
            "source": {
                "type": "git",
                "url": "https://github.com/openlss/lib-array2xml.git",
                "reference": "21249c9aa40ec7bfc91776e4bc3cfe3ef4dce769"
            },
            "dist": {
                "type": "zip",
                "url": "https://api.github.com/repos/openlss/lib-array2xml/zipball/21249c9aa40ec7bfc91776e4bc3cfe3ef4dce769",
                "reference": "21249c9aa40ec7bfc91776e4bc3cfe3ef4dce769",
                "shasum": ""
            },
            "require": {
                "php": ">=5.3.2"
            },
            "type": "library",
            "autoload": {
                "psr-0": {
                    "LSS": ""
                }
            },
            "notification-url": "https://packagist.org/downloads/",
            "license": [
                "Apache-2.0"
            ],
            "authors": [
                {
                    "name": "Bryan Tong",
                    "email": "contact@nullivex.com",
                    "homepage": "http://bryantong.com"
                },
                {
                    "name": "Tony Butler",
                    "email": "spudz76@gmail.com",
                    "homepage": "http://openlss.org"
                }
            ],
            "description": "Array2XML conversion library credit to lalit.org",
            "homepage": "http://openlss.org",
            "keywords": [
                "array",
                "array conversion",
                "xml",
                "xml conversion"
            ],
            "time": "2013-03-27 03:38:29"
        },
        {
            "name": "psr/log",
            "version": "dev-master",
            "source": {
                "type": "git",
                "url": "https://github.com/php-fig/log.git",
                "reference": "bf2c13de4300e227d7b2fd08027673a79c519987"
            },
            "dist": {
                "type": "zip",
                "url": "https://api.github.com/repos/php-fig/log/zipball/bf2c13de4300e227d7b2fd08027673a79c519987",
                "reference": "bf2c13de4300e227d7b2fd08027673a79c519987",
                "shasum": ""
            },
            "type": "library",
            "extra": {
                "branch-alias": {
                    "dev-master": "1.0.x-dev"
                }
            },
            "autoload": {
                "psr-4": {
                    "Psr\\Log\\": "Psr/Log/"
                }
            },
            "notification-url": "https://packagist.org/downloads/",
            "license": [
                "MIT"
            ],
            "authors": [
                {
                    "name": "PHP-FIG",
                    "homepage": "http://www.php-fig.org/"
                }
            ],
            "description": "Common interface for logging libraries",
            "keywords": [
                "log",
                "psr",
                "psr-3"
            ],
            "time": "2015-03-26 14:39:45"
        },
        {
            "name": "symfony/class-loader",
            "version": "2.8.x-dev",
            "source": {
                "type": "git",
                "url": "https://github.com/symfony/ClassLoader.git",
                "reference": "d5b42e690eb4c1d93cc7acc2d07ad7eba34f03dd"
            },
            "dist": {
                "type": "zip",
                "url": "https://api.github.com/repos/symfony/ClassLoader/zipball/d5b42e690eb4c1d93cc7acc2d07ad7eba34f03dd",
                "reference": "d5b42e690eb4c1d93cc7acc2d07ad7eba34f03dd",
                "shasum": ""
            },
            "require": {
                "php": ">=5.3.9"
            },
            "require-dev": {
                "symfony/finder": "~2.0,>=2.0.5|~3.0.0",
                "symfony/phpunit-bridge": "~2.7|~3.0.0"
            },
            "type": "library",
            "extra": {
                "branch-alias": {
                    "dev-master": "2.8-dev"
                }
            },
            "autoload": {
                "psr-4": {
                    "Symfony\\Component\\ClassLoader\\": ""
                }
            },
            "notification-url": "https://packagist.org/downloads/",
            "license": [
                "MIT"
            ],
            "authors": [
                {
                    "name": "Symfony Community",
                    "homepage": "http://symfony.com/contributors"
                },
                {
                    "name": "Fabien Potencier",
                    "email": "fabien@symfony.com"
                }
            ],
            "description": "Symfony ClassLoader Component",
            "homepage": "http://symfony.com",
            "time": "2015-04-24 07:03:44"
        },
        {
            "name": "symfony/debug",
            "version": "2.8.x-dev",
            "source": {
                "type": "git",
                "url": "https://github.com/symfony/Debug.git",
                "reference": "61caba67a55d267d3b613af80bfe3ded6c8631e5"
            },
            "dist": {
                "type": "zip",
                "url": "https://api.github.com/repos/symfony/Debug/zipball/61caba67a55d267d3b613af80bfe3ded6c8631e5",
                "reference": "61caba67a55d267d3b613af80bfe3ded6c8631e5",
                "shasum": ""
            },
            "require": {
                "php": ">=5.3.9",
                "psr/log": "~1.0"
            },
            "conflict": {
                "symfony/http-kernel": ">=2.3,<2.3.24|~2.4.0|>=2.5,<2.5.9|>=2.6,<2.6.2"
            },
            "require-dev": {
                "symfony/class-loader": "~2.2|~3.0.0",
                "symfony/http-foundation": "~2.1|~3.0.0",
                "symfony/http-kernel": "~2.3.24|~2.5.9|~2.6,>=2.6.2|~3.0.0",
                "symfony/phpunit-bridge": "~2.7|~3.0.0"
            },
            "suggest": {
                "symfony/http-foundation": "",
                "symfony/http-kernel": ""
            },
            "type": "library",
            "extra": {
                "branch-alias": {
                    "dev-master": "2.8-dev"
                }
            },
            "autoload": {
                "psr-4": {
                    "Symfony\\Component\\Debug\\": ""
                }
            },
            "notification-url": "https://packagist.org/downloads/",
            "license": [
                "MIT"
            ],
            "authors": [
                {
                    "name": "Symfony Community",
                    "homepage": "http://symfony.com/contributors"
                },
                {
                    "name": "Fabien Potencier",
                    "email": "fabien@symfony.com"
                }
            ],
            "description": "Symfony Debug Component",
            "homepage": "http://symfony.com",
            "time": "2015-04-24 15:39:02"
        },
        {
            "name": "symfony/event-dispatcher",
            "version": "2.8.x-dev",
            "source": {
                "type": "git",
                "url": "https://github.com/symfony/EventDispatcher.git",
                "reference": "aced82e3cd15d40e5fadebec5dae9fb1ae666596"
            },
            "dist": {
                "type": "zip",
                "url": "https://api.github.com/repos/symfony/EventDispatcher/zipball/aced82e3cd15d40e5fadebec5dae9fb1ae666596",
                "reference": "aced82e3cd15d40e5fadebec5dae9fb1ae666596",
                "shasum": ""
            },
            "require": {
                "php": ">=5.3.9"
            },
            "require-dev": {
                "psr/log": "~1.0",
                "symfony/config": "~2.0,>=2.0.5|~3.0.0",
                "symfony/dependency-injection": "~2.6|~3.0.0",
                "symfony/expression-language": "~2.6|~3.0.0",
                "symfony/phpunit-bridge": "~2.7|~3.0.0",
                "symfony/stopwatch": "~2.3|~3.0.0"
            },
            "suggest": {
                "symfony/dependency-injection": "",
                "symfony/http-kernel": ""
            },
            "type": "library",
            "extra": {
                "branch-alias": {
                    "dev-master": "2.8-dev"
                }
            },
            "autoload": {
                "psr-4": {
                    "Symfony\\Component\\EventDispatcher\\": ""
                }
            },
            "notification-url": "https://packagist.org/downloads/",
            "license": [
                "MIT"
            ],
            "authors": [
                {
                    "name": "Symfony Community",
                    "homepage": "http://symfony.com/contributors"
                },
                {
                    "name": "Fabien Potencier",
                    "email": "fabien@symfony.com"
                }
            ],
            "description": "Symfony EventDispatcher Component",
            "homepage": "http://symfony.com",
            "time": "2015-05-05 20:46:18"
        },
        {
            "name": "symfony/expression-language",
            "version": "2.8.x-dev",
            "source": {
                "type": "git",
                "url": "https://github.com/symfony/expression-language.git",
                "reference": "8080452cd1891fd43f3baeafaf06fd3839707d7e"
            },
            "dist": {
                "type": "zip",
                "url": "https://api.github.com/repos/symfony/expression-language/zipball/8080452cd1891fd43f3baeafaf06fd3839707d7e",
                "reference": "8080452cd1891fd43f3baeafaf06fd3839707d7e",
                "shasum": ""
            },
            "require": {
                "php": ">=5.3.9"
            },
            "require-dev": {
                "symfony/phpunit-bridge": "~2.7|~3.0.0"
            },
            "type": "library",
            "extra": {
                "branch-alias": {
                    "dev-master": "2.8-dev"
                }
            },
            "autoload": {
                "psr-4": {
                    "Symfony\\Component\\ExpressionLanguage\\": ""
                }
            },
            "notification-url": "https://packagist.org/downloads/",
            "license": [
                "MIT"
            ],
            "authors": [
                {
                    "name": "Symfony Community",
                    "homepage": "http://symfony.com/contributors"
                },
                {
                    "name": "Fabien Potencier",
                    "email": "fabien@symfony.com"
                }
            ],
            "description": "Symfony ExpressionLanguage Component",
            "homepage": "http://symfony.com",
            "time": "2015-04-24 07:03:44"
        },
        {
            "name": "symfony/http-foundation",
            "version": "dev-master",
            "source": {
                "type": "git",
                "url": "https://github.com/symfony/HttpFoundation.git",
                "reference": "78fdb418f81b4bbc8ad7747c7fb3883aea625b79"
            },
            "dist": {
                "type": "zip",
                "url": "https://api.github.com/repos/symfony/HttpFoundation/zipball/78fdb418f81b4bbc8ad7747c7fb3883aea625b79",
                "reference": "78fdb418f81b4bbc8ad7747c7fb3883aea625b79",
                "shasum": ""
            },
            "require": {
                "php": ">=5.5.9"
            },
            "require-dev": {
                "symfony/expression-language": "~2.8|~3.0",
                "symfony/phpunit-bridge": "~2.8|~3.0"
            },
            "type": "library",
            "extra": {
                "branch-alias": {
                    "dev-master": "3.0-dev"
                }
            },
            "autoload": {
                "psr-4": {
                    "Symfony\\Component\\HttpFoundation\\": ""
                },
                "classmap": [
                    "Resources/stubs"
                ]
            },
            "notification-url": "https://packagist.org/downloads/",
            "license": [
                "MIT"
            ],
            "authors": [
                {
                    "name": "Symfony Community",
                    "homepage": "http://symfony.com/contributors"
                },
                {
                    "name": "Fabien Potencier",
                    "email": "fabien@symfony.com"
                }
            ],
            "description": "Symfony HttpFoundation Component",
            "homepage": "http://symfony.com",
            "time": "2015-04-24 07:12:41"
        },
        {
            "name": "symfony/http-kernel",
            "version": "2.8.x-dev",
            "source": {
                "type": "git",
                "url": "https://github.com/symfony/HttpKernel.git",
                "reference": "17de89b04a78cb28bb0f48238795cf50fea1dedd"
            },
            "dist": {
                "type": "zip",
                "url": "https://api.github.com/repos/symfony/HttpKernel/zipball/17de89b04a78cb28bb0f48238795cf50fea1dedd",
                "reference": "17de89b04a78cb28bb0f48238795cf50fea1dedd",
                "shasum": ""
            },
            "require": {
                "php": ">=5.3.9",
                "psr/log": "~1.0",
                "symfony/debug": "~2.6,>=2.6.2",
                "symfony/event-dispatcher": "~2.5.9|~2.6,>=2.6.2|~3.0.0",
                "symfony/http-foundation": "~2.5,>=2.5.4|~3.0.0"
            },
            "conflict": {
                "symfony/config": "<2.7"
            },
            "require-dev": {
                "symfony/browser-kit": "~2.3|~3.0.0",
                "symfony/class-loader": "~2.1|~3.0.0",
                "symfony/config": "~2.7",
                "symfony/console": "~2.3|~3.0.0",
                "symfony/css-selector": "~2.0,>=2.0.5|~3.0.0",
                "symfony/dependency-injection": "~2.2|~3.0.0",
                "symfony/dom-crawler": "~2.0,>=2.0.5|~3.0.0",
                "symfony/expression-language": "~2.4|~3.0.0",
                "symfony/finder": "~2.0,>=2.0.5|~3.0.0",
                "symfony/phpunit-bridge": "~2.7|~3.0.0",
                "symfony/process": "~2.0,>=2.0.5|~3.0.0",
                "symfony/routing": "~2.2|~3.0.0",
                "symfony/stopwatch": "~2.3|~3.0.0",
                "symfony/templating": "~2.2|~3.0.0",
                "symfony/translation": "~2.0,>=2.0.5|~3.0.0",
                "symfony/var-dumper": "~2.6|~3.0.0"
            },
            "suggest": {
                "symfony/browser-kit": "",
                "symfony/class-loader": "",
                "symfony/config": "",
                "symfony/console": "",
                "symfony/dependency-injection": "",
                "symfony/finder": "",
                "symfony/var-dumper": ""
            },
            "type": "library",
            "extra": {
                "branch-alias": {
                    "dev-master": "2.8-dev"
                }
            },
            "autoload": {
                "psr-4": {
                    "Symfony\\Component\\HttpKernel\\": ""
                }
            },
            "notification-url": "https://packagist.org/downloads/",
            "license": [
                "MIT"
            ],
            "authors": [
                {
                    "name": "Symfony Community",
                    "homepage": "http://symfony.com/contributors"
                },
                {
                    "name": "Fabien Potencier",
                    "email": "fabien@symfony.com"
                }
            ],
            "description": "Symfony HttpKernel Component",
            "homepage": "http://symfony.com",
            "time": "2015-04-24 16:45:00"
        },
        {
            "name": "symfony/intl",
            "version": "2.8.x-dev",
            "source": {
                "type": "git",
                "url": "https://github.com/symfony/Intl.git",
                "reference": "b0a98db2c3416401c5d4bffe44a8d7c1687ab894"
            },
            "dist": {
                "type": "zip",
                "url": "https://api.github.com/repos/symfony/Intl/zipball/b0a98db2c3416401c5d4bffe44a8d7c1687ab894",
                "reference": "b0a98db2c3416401c5d4bffe44a8d7c1687ab894",
                "shasum": ""
            },
            "require": {
                "php": ">=5.3.9"
            },
            "require-dev": {
                "symfony/filesystem": "~2.1|~3.0.0",
                "symfony/phpunit-bridge": "~2.7|~3.0.0"
            },
            "suggest": {
                "ext-intl": "to use the component with locales other than \"en\""
            },
            "type": "library",
            "extra": {
                "branch-alias": {
                    "dev-master": "2.8-dev"
                }
            },
            "autoload": {
                "psr-4": {
                    "Symfony\\Component\\Intl\\": ""
                },
                "classmap": [
                    "Resources/stubs"
                ],
                "files": [
                    "Resources/stubs/functions.php"
                ]
            },
            "notification-url": "https://packagist.org/downloads/",
            "license": [
                "MIT"
            ],
            "authors": [
                {
                    "name": "Symfony Community",
                    "homepage": "http://symfony.com/contributors"
                },
                {
                    "name": "Bernhard Schussek",
                    "email": "bschussek@gmail.com"
                },
                {
                    "name": "Eriksen Costa",
                    "email": "eriksen.costa@infranology.com.br"
                },
                {
                    "name": "Igor Wiedler",
                    "email": "igor@wiedler.ch"
                }
            ],
            "description": "A PHP replacement layer for the C intl extension that includes additional data from the ICU library.",
            "homepage": "http://symfony.com",
            "keywords": [
                "i18n",
                "icu",
                "internationalization",
                "intl",
                "l10n",
                "localization"
            ],
            "time": "2015-04-24 07:03:44"
        },
        {
            "name": "symfony/options-resolver",
            "version": "2.8.x-dev",
            "source": {
                "type": "git",
                "url": "https://github.com/symfony/OptionsResolver.git",
                "reference": "6e7611e40bcc11fd82b654f1944e63e27d388664"
            },
            "dist": {
                "type": "zip",
                "url": "https://api.github.com/repos/symfony/OptionsResolver/zipball/6e7611e40bcc11fd82b654f1944e63e27d388664",
                "reference": "6e7611e40bcc11fd82b654f1944e63e27d388664",
                "shasum": ""
            },
            "require": {
                "php": ">=5.3.9"
            },
            "require-dev": {
                "symfony/phpunit-bridge": "~2.7|~3.0.0"
            },
            "type": "library",
            "extra": {
                "branch-alias": {
                    "dev-master": "2.8-dev"
                }
            },
            "autoload": {
                "psr-4": {
                    "Symfony\\Component\\OptionsResolver\\": ""
                }
            },
            "notification-url": "https://packagist.org/downloads/",
            "license": [
                "MIT"
            ],
            "authors": [
                {
                    "name": "Symfony Community",
                    "homepage": "http://symfony.com/contributors"
                },
                {
                    "name": "Fabien Potencier",
                    "email": "fabien@symfony.com"
                }
            ],
            "description": "Symfony OptionsResolver Component",
            "homepage": "http://symfony.com",
            "keywords": [
                "config",
                "configuration",
                "options"
            ],
            "time": "2015-04-24 07:03:44"
        },
        {
            "name": "symfony/property-access",
            "version": "2.8.x-dev",
            "source": {
                "type": "git",
                "url": "https://github.com/symfony/PropertyAccess.git",
                "reference": "29316b04551b995911a4ef520671185db06ae49e"
            },
            "dist": {
                "type": "zip",
                "url": "https://api.github.com/repos/symfony/PropertyAccess/zipball/29316b04551b995911a4ef520671185db06ae49e",
                "reference": "29316b04551b995911a4ef520671185db06ae49e",
                "shasum": ""
            },
            "require": {
                "php": ">=5.3.9"
            },
            "require-dev": {
                "symfony/phpunit-bridge": "~2.7|~3.0.0"
            },
            "type": "library",
            "extra": {
                "branch-alias": {
                    "dev-master": "2.8-dev"
                }
            },
            "autoload": {
                "psr-4": {
                    "Symfony\\Component\\PropertyAccess\\": ""
                }
            },
            "notification-url": "https://packagist.org/downloads/",
            "license": [
                "MIT"
            ],
            "authors": [
                {
                    "name": "Symfony Community",
                    "homepage": "http://symfony.com/contributors"
                },
                {
                    "name": "Fabien Potencier",
                    "email": "fabien@symfony.com"
                }
            ],
            "description": "Symfony PropertyAccess Component",
            "homepage": "http://symfony.com",
            "keywords": [
                "access",
                "array",
                "extraction",
                "index",
                "injection",
                "object",
                "property",
                "property path",
                "reflection"
            ],
            "time": "2015-04-24 07:03:44"
        },
        {
            "name": "symfony/yaml",
            "version": "2.8.x-dev",
            "source": {
                "type": "git",
                "url": "https://github.com/symfony/Yaml.git",
                "reference": "4ededb1d00dc2c65fcd16ae3dafc785f92b3f95f"
            },
            "dist": {
                "type": "zip",
                "url": "https://api.github.com/repos/symfony/Yaml/zipball/4ededb1d00dc2c65fcd16ae3dafc785f92b3f95f",
                "reference": "4ededb1d00dc2c65fcd16ae3dafc785f92b3f95f",
                "shasum": ""
            },
            "require": {
                "php": ">=5.3.9"
            },
            "require-dev": {
                "symfony/phpunit-bridge": "~2.7|~3.0.0"
            },
            "type": "library",
            "extra": {
                "branch-alias": {
                    "dev-master": "2.8-dev"
                }
            },
            "autoload": {
                "psr-4": {
                    "Symfony\\Component\\Yaml\\": ""
                }
            },
            "notification-url": "https://packagist.org/downloads/",
            "license": [
                "MIT"
            ],
            "authors": [
                {
                    "name": "Symfony Community",
                    "homepage": "http://symfony.com/contributors"
                },
                {
                    "name": "Fabien Potencier",
                    "email": "fabien@symfony.com"
                }
            ],
            "description": "Symfony Yaml Component",
            "homepage": "http://symfony.com",
            "time": "2015-04-24 07:03:44"
        },
        {
            "name": "twig/twig",
            "version": "1.x-dev",
            "source": {
                "type": "git",
                "url": "https://github.com/twigphp/Twig.git",
                "reference": "f012ea296af1f4937376621c4f50282fc02415e3"
            },
            "dist": {
                "type": "zip",
                "url": "https://api.github.com/repos/twigphp/Twig/zipball/f012ea296af1f4937376621c4f50282fc02415e3",
                "reference": "f012ea296af1f4937376621c4f50282fc02415e3",
                "shasum": ""
            },
            "require": {
                "php": ">=5.2.7"
            },
            "type": "library",
            "extra": {
                "branch-alias": {
                    "dev-master": "1.18-dev"
                }
            },
            "autoload": {
                "psr-0": {
                    "Twig_": "lib/"
                }
            },
            "notification-url": "https://packagist.org/downloads/",
            "license": [
                "BSD-3-Clause"
            ],
            "authors": [
                {
                    "name": "Fabien Potencier",
                    "email": "fabien@symfony.com",
                    "homepage": "http://fabien.potencier.org",
                    "role": "Lead Developer"
                },
                {
                    "name": "Armin Ronacher",
                    "email": "armin.ronacher@active-4.com",
                    "role": "Project Founder"
                },
                {
                    "name": "Twig Team",
                    "homepage": "http://twig.sensiolabs.org/contributors",
                    "role": "Contributors"
                }
            ],
            "description": "Twig, the flexible, fast, and secure template language for PHP",
            "homepage": "http://twig.sensiolabs.org",
            "keywords": [
                "templating"
            ],
            "time": "2015-04-29 13:28:48"
        }
    ],
    "packages-dev": [],
    "aliases": [],
    "minimum-stability": "dev",
    "stability-flags": {
        "coduo/tutu": 20
    },
    "prefer-stable": false,
    "prefer-lowest": false,
    "platform": [],
    "platform-dev": []
}
